
Microsoft Visual Studio Solution File, Format Version 12.00
# Visual Studio Version 17
VisualStudioVersion = 17.6.33829.357
MinimumVisualStudioVersion = 10.0.40219.1
Project("{9A19103F-16F7-4668-BE54-9A1E7A4F7556}") = "CustomerApp", "CustomerApp.csproj", "{F62D1ED1-A97C-46F9-9488-1D7B60EC084D}"
EndProject
Global
	GlobalSection(SolutionConfigurationPlatforms) = preSolution
		Debug|Any CPU = Debug|Any CPU
		Release|Any CPU = Release|Any CPU
	EndGlobalSection
	GlobalSection(ProjectConfigurationPlatforms) = postSolution
		{F62D1ED1-A97C-46F9-9488-1D7B60EC084D}.Debug|Any CPU.ActiveCfg = Debug|Any CPU
		{F62D1ED1-A97C-46F9-9488-1D7B60EC084D}.Debug|Any CPU.Build.0 = Debug|Any CPU
		{F62D1ED1-A97C-46F9-9488-1D7B60EC084D}.Release|Any CPU.ActiveCfg = Release|Any CPU
		{F62D1ED1-A97C-46F9-9488-1D7B60EC084D}.Release|Any CPU.Build.0 = Release|Any CPU
	EndGlobalSection
	GlobalSection(SolutionProperties) = preSolution
		HideSolutionNode = FALSE
	EndGlobalSection
	GlobalSection(ExtensibilityGlobals) = postSolution
		SolutionGuid = {1C400DBC-DEEB-41AC-9466-4ADEC50D608D}
	EndGlobalSection
EndGlobal
